
Microsoft Visual Studio Solution File, Format Version 12.00
# Visual Studio Version 17
VisualStudioVersion = 17.3.32819.101
MinimumVisualStudioVersion = 10.0.40219.1
Project("{FAE04EC0-301F-11D3-BF4B-00C04F79EFBC}") = "GitHubTry2", "GitHubTry2\GitHubTry2.csproj", "{DE97ECE0-CC1C-4696-9CBD-6522F957A697}"
EndProject
Global
	GlobalSection(SolutionConfigurationPlatforms) = preSolution
		Debug|Any CPU = Debug|Any CPU
		Release|Any CPU = Release|Any CPU
	EndGlobalSection
	GlobalSection(ProjectConfigurationPlatforms) = postSolution
		{DE97ECE0-CC1C-4696-9CBD-6522F957A697}.Debug|Any CPU.ActiveCfg = Debug|Any CPU
		{DE97ECE0-CC1C-4696-9CBD-6522F957A697}.Debug|Any CPU.Build.0 = Debug|Any CPU
		{DE97ECE0-CC1C-4696-9CBD-6522F957A697}.Release|Any CPU.ActiveCfg = Release|Any CPU
		{DE97ECE0-CC1C-4696-9CBD-6522F957A697}.Release|Any CPU.Build.0 = Release|Any CPU
	EndGlobalSection
	GlobalSection(SolutionProperties) = preSolution
		HideSolutionNode = FALSE
	EndGlobalSection
	GlobalSection(ExtensibilityGlobals) = postSolution
		SolutionGuid = {AB3F90F0-8FFA-4108-8A2D-20BE3694E967}
	EndGlobalSection
EndGlobal
